
Microsoft Visual Studio Solution File, Format Version 12.00
# Visual Studio Version 17
VisualStudioVersion = 17.14.36310.24 d17.14
MinimumVisualStudioVersion = 10.0.40219.1
Project("{FAE04EC0-301F-11D3-BF4B-00C04F79EFBC}") = "AcademyProject_API", "AcademyProject_API.csproj", "{58888B4B-F11E-403B-BA16-0FEFEF0074D0}"
EndProject
Global
	GlobalSection(SolutionConfigurationPlatforms) = preSolution
		Debug|Any CPU = Debug|Any CPU
		Release|Any CPU = Release|Any CPU
	EndGlobalSection
	GlobalSection(ProjectConfigurationPlatforms) = postSolution
		{58888B4B-F11E-403B-BA16-0FEFEF0074D0}.Debug|Any CPU.ActiveCfg = Debug|Any CPU
		{58888B4B-F11E-403B-BA16-0FEFEF0074D0}.Debug|Any CPU.Build.0 = Debug|Any CPU
		{58888B4B-F11E-403B-BA16-0FEFEF0074D0}.Release|Any CPU.ActiveCfg = Release|Any CPU
		{58888B4B-F11E-403B-BA16-0FEFEF0074D0}.Release|Any CPU.Build.0 = Release|Any CPU
	EndGlobalSection
	GlobalSection(SolutionProperties) = preSolution
		HideSolutionNode = FALSE
	EndGlobalSection
	GlobalSection(ExtensibilityGlobals) = postSolution
		SolutionGuid = {437A5EAA-A03C-4D09-9F35-DE4C096931C2}
	EndGlobalSection
EndGlobal
